lockfileVersion: '9.0'

settings:
  autoInstallPeers: true
  excludeLinksFromLockfile: false

importers:

  .:
    devDependencies:
      npm-check-updates:
        specifier: ^19.1.2
        version: 19.1.2
      syncpack:
        specifier: ^14.2.1
        version: 14.2.1
      typescript:
        specifier: ^6.0.2
        version: 6.0.2

packages:

  npm-check-updates@19.1.2:
    resolution: {integrity: sha512-FNeFCVgPOj0fz89hOpGtxP2rnnRHR7hD2E8qNU8SMWfkyDZXA/xpgjsL3UMLSo3F/K13QvJDnbxPngulNDDo/g==}
    engines: {node: '>=20.0.0', npm: '>=8.12.1'}
    hasBin: true

  syncpack-darwin-arm64@14.2.1:
    resolution: {integrity: sha512-SGrC163UWiL68TRo8rmPQFgbT83ieT7zQ1GKyoPZ3TAGNQ+6a/3GMXlZQ+HKV3ydVyB2t60H5CsQFlz13QHTqA==}
    cpu: [arm64]
    os: [darwin]

  syncpack-darwin-x64@14.2.1:
    resolution: {integrity: sha512-ZqAJb4FEez3zpuOHUKZNSBWiYGH4FqmN5pI/AzM2N81oSGTYLaI+H4Wmi6rtZdQXRX2ZzQRs4lQrLTdmVv7oQg==}
    cpu: [x64]
    os: [darwin]

  syncpack-linux-arm64-musl@14.2.1:
    resolution: {integrity: sha512-vfopyN7ne++jnV4uAsoH8NHbio/6+yfdc9VfXt+9ZQiuR1AxtjT2Hylv6re5e6c1j0MPWaCRtaZBZhDUi0ZPdA==}
    cpu: [arm64]
    os: [linux]

  syncpack-linux-arm64@14.2.1:
    resolution: {integrity: sha512-yjyG1v1lYBmWaD+aGXt4eovZ3k+d/nwHU8AZkFJh2jxBy6He2qTclR7+eI/BFcmiAehncbGNksYhL2h2RlC0Rg==}
    cpu: [arm64]
    os: [linux]

  syncpack-linux-x64-musl@14.2.1:
    resolution: {integrity: sha512-2/LMs6nFWPV2P0XOmMo63Erzv8OQ9skszXdalrhU2ilBO7f6B4sup6NsMKIXJeYHNso94TcLdAxyiGQ4sCdmTw==}
    cpu: [x64]
    os: [linux]

  syncpack-linux-x64@14.2.1:
    resolution: {integrity: sha512-rfDzLxiJng7XIVShO7ygrAvrGdCloaKhMm2c4Q8blxVTHgSNcmL4cHRP/Zcvj7pmYGkwok6DtAetgxV47XpoGA==}
    cpu: [x64]
    os: [linux]

  syncpack-windows-arm64@14.2.1:
    resolution: {integrity: sha512-T+qP9ERY8dg6HWAgFtxNKxp67EJ7CIstHeQ8jQAiSmKGNt+HEzzVCipSGMb9yu9SGjVQHuvn2wAf33LppYfivA==}
    cpu: [arm64]
    os: [win32]

  syncpack-windows-x64@14.2.1:
    resolution: {integrity: sha512-yoK6eHbzTgKuaL4dU/AFNaIHqRletqR8w5aBGBzdAY39n2MrNbfGVBUeDglRBYnSoE+PgLtqwbHULIlhPratPw==}
    cpu: [x64]
    os: [win32]

  syncpack@14.2.1:
    resolution: {integrity: sha512-9CE0+MCThNPt0/yXD5cFaJQw2jxslaB3Ck1ASeP9uFji+lE3KWmfGRBzy8x5sjhygUz6Vt+a84w+ycIzATQicA==}
    engines: {node: '>=14.17.0'}
    hasBin: true

  typescript@6.0.2:
    resolution: {integrity: sha512-bGdAIrZ0wiGDo5l8c++HWtbaNCWTS4UTv7RaTH/ThVIgjkveJt83m74bBHMJkuCbslY8ixgLBVZJIOiQlQTjfQ==}
    engines: {node: '>=14.17'}
    hasBin: true

snapshots:

  npm-check-updates@19.1.2: {}

  syncpack-darwin-arm64@14.2.1:
    optional: true

  syncpack-darwin-x64@14.2.1:
    optional: true

  syncpack-linux-arm64-musl@14.2.1:
    optional: true

  syncpack-linux-arm64@14.2.1:
    optional: true

  syncpack-linux-x64-musl@14.2.1:
    optional: true

  syncpack-linux-x64@14.2.1:
    optional: true

  syncpack-windows-arm64@14.2.1:
    optional: true

  syncpack-windows-x64@14.2.1:
    optional: true

  syncpack@14.2.1:
    optionalDependencies:
      syncpack-darwin-arm64: 14.2.1
      syncpack-darwin-x64: 14.2.1
      syncpack-linux-arm64: 14.2.1
      syncpack-linux-arm64-musl: 14.2.1
      syncpack-linux-x64: 14.2.1
      syncpack-linux-x64-musl: 14.2.1
      syncpack-windows-arm64: 14.2.1
      syncpack-windows-x64: 14.2.1

  typescript@6.0.2: {}
